// !$*UTF8*$!
{
	archiveVersion = 1;
	classes = {
	};
	objectVersion = 56;
	objects = {

/* Begin PBXBuildFile section */
		1E1AF9CC29BA1F4F002F414A /* QurbaTaskApp.swift in Sources */ = {isa = PBXBuildFile; fileRef = 1E1AF9CB29BA1F4F002F414A /* QurbaTaskApp.swift */; };
		1E1AF9D029BA1F50002F414A /* Assets.xcassets in Resources */ = {isa = PBXBuildFile; fileRef = 1E1AF9CF29BA1F50002F414A /* Assets.xcassets */; };
		1E1AF9D329BA1F50002F414A /* Preview Assets.xcassets in Resources */ = {isa = PBXBuildFile; fileRef = 1E1AF9D229BA1F50002F414A /* Preview Assets.xcassets */; };
		1E1AF9DD29BA3EEA002F414A /* SF-Pro-Display-Bold.otf in Resources */ = {isa = PBXBuildFile; fileRef = 1E1AF9DC29BA3EEA002F414A /* SF-Pro-Display-Bold.otf */; };
		1E1AF9E129BA3F5B002F414A /* SF-Pro-Display-Black.otf in Resources */ = {isa = PBXBuildFile; fileRef = 1E1AF9E029BA3F5B002F414A /* SF-Pro-Display-Black.otf */; };
		1E1AF9E329BA5A20002F414A /* NetworkManager.swift in Sources */ = {isa = PBXBuildFile; fileRef = 1E1AF9E229BA5A20002F414A /* NetworkManager.swift */; };
		1E1AF9E729BCD8C9002F414A /* UserData.swift in Sources */ = {isa = PBXBuildFile; fileRef = 1E1AF9E629BCD8C9002F414A /* UserData.swift */; };
		1E2684B129BF631300A80231 /* UIApplication.swift in Sources */ = {isa = PBXBuildFile; fileRef = 1E2684B029BF631300A80231 /* UIApplication.swift */; };
		1E81D63B29C1EFE600C574B8 /* SearchCoordinator.swift in Sources */ = {isa = PBXBuildFile; fileRef = 1E81D63A29C1EFE600C574B8 /* SearchCoordinator.swift */; };
		1E81D63F29C1F19D00C574B8 /* SearchView.swift in Sources */ = {isa = PBXBuildFile; fileRef = 1E81D63E29C1F19D00C574B8 /* SearchView.swift */; };
		1E81D64129C1F26E00C574B8 /* SearchViewModel.swift in Sources */ = {isa = PBXBuildFile; fileRef = 1E81D64029C1F26E00C574B8 /* SearchViewModel.swift */; };
		1E81D64329C1F58700C574B8 /* HomePageView.swift in Sources */ = {isa = PBXBuildFile; fileRef = 1E81D64229C1F58700C574B8 /* HomePageView.swift */; };
		1E81D64529C1F58F00C574B8 /* HomePageViewModel.swift in Sources */ = {isa = PBXBuildFile; fileRef = 1E81D64429C1F58F00C574B8 /* HomePageViewModel.swift */; };
		1E81D64929C2446F00C574B8 /* HomeCoordinator.swift in Sources */ = {isa = PBXBuildFile; fileRef = 1E81D64829C2446F00C574B8 /* HomeCoordinator.swift */; };
		1E81D66529C37A9000C574B8 /* ImageView.swift in Sources */ = {isa = PBXBuildFile; fileRef = 1E81D66429C37A9000C574B8 /* ImageView.swift */; };
		1E9191B529BE093D0043244A /* MainView.swift in Sources */ = {isa = PBXBuildFile; fileRef = 1E9191B429BE093D0043244A /* MainView.swift */; };
		1E9191B729BE13C30043244A /* PostData.swift in Sources */ = {isa = PBXBuildFile; fileRef = 1E9191B629BE13C30043244A /* PostData.swift */; };
		1EB089C329C0CAF000235E99 /* LoginCoordinator.swift in Sources */ = {isa = PBXBuildFile; fileRef = 1EB089C229C0CAF000235E99 /* LoginCoordinator.swift */; };
		1EB089C529C0CB1B00235E99 /* LoginViewModel.swift in Sources */ = {isa = PBXBuildFile; fileRef = 1EB089C429C0CB1B00235E99 /* LoginViewModel.swift */; };
		1EB089C729C0CB3100235E99 /* LoginView.swift in Sources */ = {isa = PBXBuildFile; fileRef = 1EB089C629C0CB3100235E99 /* LoginView.swift */; };
		1EB089C929C0CB5800235E99 /* CredentialsView.swift in Sources */ = {isa = PBXBuildFile; fileRef = 1EB089C829C0CB5800235E99 /* CredentialsView.swift */; };
		1EB089CB29C0CD5800235E99 /* MainCoordinator.swift in Sources */ = {isa = PBXBuildFile; fileRef = 1EB089CA29C0CD5800235E99 /* MainCoordinator.swift */; };
/* End PBXBuildFile section */

/* Begin PBXFileReference section */
		1E1AF9C829BA1F4F002F414A /* QurbaTask.app */ = {isa = PBXFileReference; explicitFileType = wrapper.application; includeInIndex = 0; path = QurbaTask.app; sourceTree = BUILT_PRODUCTS_DIR; };
		1E1AF9CB29BA1F4F002F414A /* QurbaTaskApp.swift */ = {isa = PBXFileReference; lastKnownFileType = sourcecode.swift; path = QurbaTaskApp.swift; sourceTree = "<group>"; };
		1E1AF9CF29BA1F50002F414A /* Assets.xcassets */ = {isa = PBXFileReference; lastKnownFileType = folder.assetcatalog; path = Assets.xcassets; sourceTree = "<group>"; };
		1E1AF9D229BA1F50002F414A /* Preview Assets.xcassets */ = {isa = PBXFileReference; lastKnownFileType = folder.assetcatalog; path = "Preview Assets.xcassets"; sourceTree = "<group>"; };
		1E1AF9DA29BA3323002F414A /* Info.plist */ = {isa = PBXFileReference; lastKnownFileType = text.plist; path = Info.plist; sourceTree = "<group>"; };
		1E1AF9DC29BA3EEA002F414A /* SF-Pro-Display-Bold.otf */ = {isa = PBXFileReference; lastKnownFileType = file; path = "SF-Pro-Display-Bold.otf"; sourceTree = "<group>"; };
		1E1AF9E029BA3F5B002F414A /* SF-Pro-Display-Black.otf */ = {isa = PBXFileReference; lastKnownFileType = file; path = "SF-Pro-Display-Black.otf"; sourceTree = "<group>"; };
		1E1AF9E229BA5A20002F414A /* NetworkManager.swift */ = {isa = PBXFileReference; lastKnownFileType = sourcecode.swift; path = NetworkManager.swift; sourceTree = "<group>"; };
		1E1AF9E629BCD8C9002F414A /* UserData.swift */ = {isa = PBXFileReference; lastKnownFileType = sourcecode.swift; path = UserData.swift; sourceTree = "<group>"; };
		1E2684B029BF631300A80231 /* UIApplication.swift */ = {isa = PBXFileReference; lastKnownFileType = sourcecode.swift; path = UIApplication.swift; sourceTree = "<group>"; };
		1E81D63A29C1EFE600C574B8 /* SearchCoordinator.swift */ = {isa = PBXFileReference; lastKnownFileType = sourcecode.swift; path = SearchCoordinator.swift; sourceTree = "<group>"; };
		1E81D63E29C1F19D00C574B8 /* SearchView.swift */ = {isa = PBXFileReference; lastKnownFileType = sourcecode.swift; path = SearchView.swift; sourceTree = "<group>"; };
		1E81D64029C1F26E00C574B8 /* SearchViewModel.swift */ = {isa = PBXFileReference; lastKnownFileType = sourcecode.swift; path = SearchViewModel.swift; sourceTree = "<group>"; };
		1E81D64229C1F58700C574B8 /* HomePageView.swift */ = {isa = PBXFileReference; lastKnownFileType = sourcecode.swift; path = HomePageView.swift; sourceTree = "<group>"; };
		1E81D64429C1F58F00C574B8 /* HomePageViewModel.swift */ = {isa = PBXFileReference; lastKnownFileType = sourcecode.swift; path = HomePageViewModel.swift; sourceTree = "<group>"; };
		1E81D64829C2446F00C574B8 /* HomeCoordinator.swift */ = {isa = PBXFileReference; lastKnownFileType = sourcecode.swift; path = HomeCoordinator.swift; sourceTree = "<group>"; };
		1E81D66429C37A9000C574B8 /* ImageView.swift */ = {isa = PBXFileReference; lastKnownFileType = sourcecode.swift; path = ImageView.swift; sourceTree = "<group>"; };
		1E9191B429BE093D0043244A /* MainView.swift */ = {isa = PBXFileReference; lastKnownFileType = sourcecode.swift; path = MainView.swift; sourceTree = "<group>"; };
		1E9191B629BE13C30043244A /* PostData.swift */ = {isa = PBXFileReference; lastKnownFileType = sourcecode.swift; path = PostData.swift; sourceTree = "<group>"; };
		1EB089C229C0CAF000235E99 /* LoginCoordinator.swift */ = {isa = PBXFileReference; lastKnownFileType = sourcecode.swift; path = LoginCoordinator.swift; sourceTree = "<group>"; };
		1EB089C429C0CB1B00235E99 /* LoginViewModel.swift */ = {isa = PBXFileReference; lastKnownFileType = sourcecode.swift; path = LoginViewModel.swift; sourceTree = "<group>"; };
		1EB089C629C0CB3100235E99 /* LoginView.swift */ = {isa = PBXFileReference; lastKnownFileType = sourcecode.swift; path = LoginView.swift; sourceTree = "<group>"; };
		1EB089C829C0CB5800235E99 /* CredentialsView.swift */ = {isa = PBXFileReference; lastKnownFileType = sourcecode.swift; path = CredentialsView.swift; sourceTree = "<group>"; };
		1EB089CA29C0CD5800235E99 /* MainCoordinator.swift */ = {isa = PBXFileReference; lastKnownFileType = sourcecode.swift; path = MainCoordinator.swift; sourceTree = "<group>"; };
/* End PBXFileReference section */

/* Begin PBXFrameworksBuildPhase section */
		1E1AF9C529BA1F4F002F414A /* Frameworks */ = {
			isa = PBXFrameworksBuildPhase;
			buildActionMask = 2147483647;
			files = (
			);
			runOnlyForDeploymentPostprocessing = 0;
		};
/* End PBXFrameworksBuildPhase section */

/* Begin PBXGroup section */
		1E1AF9BF29BA1F4F002F414A = {
			isa = PBXGroup;
			children = (
				1E1AF9CA29BA1F4F002F414A /* QurbaTask */,
				1E1AF9C929BA1F4F002F414A /* Products */,
			);
			sourceTree = "<group>";
		};
		1E1AF9C929BA1F4F002F414A /* Products */ = {
			isa = PBXGroup;
			children = (
				1E1AF9C829BA1F4F002F414A /* QurbaTask.app */,
			);
			name = Products;
			sourceTree = "<group>";
		};
		1E1AF9CA29BA1F4F002F414A /* QurbaTask */ = {
			isa = PBXGroup;
			children = (
				1EB089C129C0CAD800235E99 /* Coordinator */,
				1EB089C029C0CAAA00235E99 /* ViewModel */,
				1EB089BF29C0CAA400235E99 /* View */,
				1EB089BE29C0CA9800235E99 /* Model */,
				1E1AF9DA29BA3323002F414A /* Info.plist */,
				1E1AF9CB29BA1F4F002F414A /* QurbaTaskApp.swift */,
				1E2684B229BF73D900A80231 /* Extensions */,
				1E1AF9CF29BA1F50002F414A /* Assets.xcassets */,
				1E1AF9DC29BA3EEA002F414A /* SF-Pro-Display-Bold.otf */,
				1E1AF9E029BA3F5B002F414A /* SF-Pro-Display-Black.otf */,
				1E1AF9D129BA1F50002F414A /* Preview Content */,
			);
			path = QurbaTask;
			sourceTree = "<group>";
		};
		1E1AF9D129BA1F50002F414A /* Preview Content */ = {
			isa = PBXGroup;
			children = (
				1E1AF9D229BA1F50002F414A /* Preview Assets.xcassets */,
			);
			path = "Preview Content";
			sourceTree = "<group>";
		};
		1E2684B229BF73D900A80231 /* Extensions */ = {
			isa = PBXGroup;
			children = (
				1E2684B029BF631300A80231 /* UIApplication.swift */,
			);
			path = Extensions;
			sourceTree = "<group>";
		};
		1EB089BE29C0CA9800235E99 /* Model */ = {
			isa = PBXGroup;
			children = (
				1E1AF9E229BA5A20002F414A /* NetworkManager.swift */,
				1E1AF9E629BCD8C9002F414A /* UserData.swift */,
				1E9191B629BE13C30043244A /* PostData.swift */,
			);
			path = Model;
			sourceTree = "<group>";
		};
		1EB089BF29C0CAA400235E99 /* View */ = {
			isa = PBXGroup;
			children = (
				1EB089C629C0CB3100235E99 /* LoginView.swift */,
				1EB089C829C0CB5800235E99 /* CredentialsView.swift */,
				1E9191B429BE093D0043244A /* MainView.swift */,
				1E81D63E29C1F19D00C574B8 /* SearchView.swift */,
				1E81D64229C1F58700C574B8 /* HomePageView.swift */,
				1E81D66429C37A9000C574B8 /* ImageView.swift */,
			);
			path = View;
			sourceTree = "<group>";
		};
		1EB089C029C0CAAA00235E99 /* ViewModel */ = {
			isa = PBXGroup;
			children = (
				1EB089C429C0CB1B00235E99 /* LoginViewModel.swift */,
				1E81D64029C1F26E00C574B8 /* SearchViewModel.swift */,
				1E81D64429C1F58F00C574B8 /* HomePageViewModel.swift */,
			);
			path = ViewModel;
			sourceTree = "<group>";
		};
		1EB089C129C0CAD800235E99 /* Coordinator */ = {
			isa = PBXGroup;
			children = (
				1EB089C229C0CAF000235E99 /* LoginCoordinator.swift */,
				1E81D63A29C1EFE600C574B8 /* SearchCoordinator.swift */,
				1EB089CA29C0CD5800235E99 /* MainCoordinator.swift */,
				1E81D64829C2446F00C574B8 /* HomeCoordinator.swift */,
			);
			path = Coordinator;
			sourceTree = "<group>";
		};
/* End PBXGroup section */

/* Begin PBXNativeTarget section */
		1E1AF9C729BA1F4F002F414A /* QurbaTask */ = {
			isa = PBXNativeTarget;
			buildConfigurationList = 1E1AF9D629BA1F50002F414A /* Build configuration list for PBXNativeTarget "QurbaTask" */;
			buildPhases = (
				1E1AF9C429BA1F4F002F414A /* Sources */,
				1E1AF9C529BA1F4F002F414A /* Frameworks */,
				1E1AF9C629BA1F4F002F414A /* Resources */,
			);
			buildRules = (
			);
			dependencies = (
			);
			name = QurbaTask;
			productName = QurbaTask;
			productReference = 1E1AF9C829BA1F4F002F414A /* QurbaTask.app */;
			productType = "com.apple.product-type.application";
		};
/* End PBXNativeTarget section */

/* Begin PBXProject section */
		1E1AF9C029BA1F4F002F414A /* Project object */ = {
			isa = PBXProject;
			attributes = {
				BuildIndependentTargetsInParallel = 1;
				LastSwiftUpdateCheck = 1420;
				LastUpgradeCheck = 1420;
				TargetAttributes = {
					1E1AF9C729BA1F4F002F414A = {
						CreatedOnToolsVersion = 14.2;
					};
				};
			};
			buildConfigurationList = 1E1AF9C329BA1F4F002F414A /* Build configuration list for PBXProject "QurbaTask" */;
			compatibilityVersion = "Xcode 14.0";
			developmentRegion = en;
			hasScannedForEncodings = 0;
			knownRegions = (
				en,
				Base,
			);
			mainGroup = 1E1AF9BF29BA1F4F002F414A;
			productRefGroup = 1E1AF9C929BA1F4F002F414A /* Products */;
			projectDirPath = "";
			projectRoot = "";
			targets = (
				1E1AF9C729BA1F4F002F414A /* QurbaTask */,
			);
		};
/* End PBXProject section */

/* Begin PBXResourcesBuildPhase section */
		1E1AF9C629BA1F4F002F414A /* Resources */ = {
			isa = PBXResourcesBuildPhase;
			buildActionMask = 2147483647;
			files = (
				1E1AF9D329BA1F50002F414A /* Preview Assets.xcassets in Resources */,
				1E1AF9D029BA1F50002F414A /* Assets.xcassets in Resources */,
				1E1AF9E129BA3F5B002F414A /* SF-Pro-Display-Black.otf in Resources */,
				1E1AF9DD29BA3EEA002F414A /* SF-Pro-Display-Bold.otf in Resources */,
			);
			runOnlyForDeploymentPostprocessing = 0;
		};
/* End PBXResourcesBuildPhase section */

/* Begin PBXSourcesBuildPhase section */
		1E1AF9C429BA1F4F002F414A /* Sources */ = {
			isa = PBXSourcesBuildPhase;
			buildActionMask = 2147483647;
			files = (
				1E1AF9E329BA5A20002F414A /* NetworkManager.swift in Sources */,
				1E81D66529C37A9000C574B8 /* ImageView.swift in Sources */,
				1E81D64529C1F58F00C574B8 /* HomePageViewModel.swift in Sources */,
				1E81D63B29C1EFE600C574B8 /* SearchCoordinator.swift in Sources */,
				1E81D64129C1F26E00C574B8 /* SearchViewModel.swift in Sources */,
				1EB089CB29C0CD5800235E99 /* MainCoordinator.swift in Sources */,
				1E9191B529BE093D0043244A /* MainView.swift in Sources */,
				1E81D64329C1F58700C574B8 /* HomePageView.swift in Sources */,
				1E1AF9CC29BA1F4F002F414A /* QurbaTaskApp.swift in Sources */,
				1EB089C329C0CAF000235E99 /* LoginCoordinator.swift in Sources */,
				1E1AF9E729BCD8C9002F414A /* UserData.swift in Sources */,
				1E9191B729BE13C30043244A /* PostData.swift in Sources */,
				1EB089C529C0CB1B00235E99 /* LoginViewModel.swift in Sources */,
				1EB089C729C0CB3100235E99 /* LoginView.swift in Sources */,
				1EB089C929C0CB5800235E99 /* CredentialsView.swift in Sources */,
				1E81D63F29C1F19D00C574B8 /* SearchView.swift in Sources */,
				1E2684B129BF631300A80231 /* UIApplication.swift in Sources */,
				1E81D64929C2446F00C574B8 /* HomeCoordinator.swift in Sources */,
			);
			runOnlyForDeploymentPostprocessing = 0;
		};
/* End PBXSourcesBuildPhase section */

/* Begin XCBuildConfiguration section */
		1E1AF9D429BA1F50002F414A /* Debug */ = {
			isa = XCBuildConfiguration;
			buildSettings = {
				ALWAYS_SEARCH_USER_PATHS = NO;
				CLANG_ANALYZER_NONNULL = YES;
				CLANG_ANALYZER_NUMBER_OBJECT_CONVERSION = YES_AGGRESSIVE;
				CLANG_CXX_LANGUAGE_STANDARD = "gnu++20";
				CLANG_ENABLE_MODULES = YES;
				CLANG_ENABLE_OBJC_ARC = YES;
				CLANG_ENABLE_OBJC_WEAK = YES;
				CLANG_WARN_BLOCK_CAPTURE_AUTORELEASING = YES;
				CLANG_WARN_BOOL_CONVERSION = YES;
				CLANG_WARN_COMMA = YES;
				CLANG_WARN_CONSTANT_CONVERSION = YES;
				CLANG_WARN_DEPRECATED_OBJC_IMPLEMENTATIONS = YES;
				CLANG_WARN_DIRECT_OBJC_ISA_USAGE = YES_ERROR;
				CLANG_WARN_DOCUMENTATION_COMMENTS = YES;
				CLANG_WARN_EMPTY_BODY = YES;
				CLANG_WARN_ENUM_CONVERSION = YES;
				CLANG_WARN_INFINITE_RECURSION = YES;
				CLANG_WARN_INT_CONVERSION = YES;
				CLANG_WARN_NON_LITERAL_NULL_CONVERSION = YES;
				CLANG_WARN_OBJC_IMPLICIT_RETAIN_SELF = YES;
				CLANG_WARN_OBJC_LITERAL_CONVERSION = YES;
				CLANG_WARN_OBJC_ROOT_CLASS = YES_ERROR;
				CLANG_WARN_QUOTED_INCLUDE_IN_FRAMEWORK_HEADER = YES;
				CLANG_WARN_RANGE_LOOP_ANALYSIS = YES;
				CLANG_WARN_STRICT_PROTOTYPES = YES;
				CLANG_WARN_SUSPICIOUS_MOVE = YES;
				CLANG_WARN_UNGUARDED_AVAILABILITY = YES_AGGRESSIVE;
				CLANG_WARN_UNREACHABLE_CODE = YES;
				CLANG_WARN__DUPLICATE_METHOD_MATCH = YES;
				COPY_PHASE_STRIP = NO;
				DEBUG_INFORMATION_FORMAT = dwarf;
				ENABLE_STRICT_OBJC_MSGSEND = YES;
				ENABLE_TESTABILITY = YES;
				GCC_C_LANGUAGE_STANDARD = gnu11;
				GCC_DYNAMIC_NO_PIC = NO;
				GCC_NO_COMMON_BLOCKS = YES;
				GCC_OPTIMIZATION_LEVEL = 0;
				GCC_PREPROCESSOR_DEFINITIONS = (
					"DEBUG=1",
					"$(inherited)",
				);
				GCC_WARN_64_TO_32_BIT_CONVERSION = YES;
				GCC_WARN_ABOUT_RETURN_TYPE = YES_ERROR;
				GCC_WARN_UNDECLARED_SELECTOR = YES;
				GCC_WARN_UNINITIALIZED_AUTOS = YES_AGGRESSIVE;
				GCC_WARN_UNUSED_FUNCTION = YES;
				GCC_WARN_UNUSED_VARIABLE = YES;
				IPHONEOS_DEPLOYMENT_TARGET = 16.2;
				MTL_ENABLE_DEBUG_INFO = INCLUDE_SOURCE;
				MTL_FAST_MATH = YES;
				ONLY_ACTIVE_ARCH = YES;
				SDKROOT = iphoneos;
				SWIFT_ACTIVE_COMPILATION_CONDITIONS = DEBUG;
				SWIFT_OPTIMIZATION_LEVEL = "-Onone";
			};
			name = Debug;
		};
		1E1AF9D529BA1F50002F414A /* Release */ = {
			isa = XCBuildConfiguration;
			buildSettings = {
				ALWAYS_SEARCH_USER_PATHS = NO;
				CLANG_ANALYZER_NONNULL = YES;
				CLANG_ANALYZER_NUMBER_OBJECT_CONVERSION = YES_AGGRESSIVE;
				CLANG_CXX_LANGUAGE_STANDARD = "gnu++20";
				CLANG_ENABLE_MODULES = YES;
				CLANG_ENABLE_OBJC_ARC = YES;
				CLANG_ENABLE_OBJC_WEAK = YES;
				CLANG_WARN_BLOCK_CAPTURE_AUTORELEASING = YES;
				CLANG_WARN_BOOL_CONVERSION = YES;
				CLANG_WARN_COMMA = YES;
				CLANG_WARN_CONSTANT_CONVERSION = YES;
				CLANG_WARN_DEPRECATED_OBJC_IMPLEMENTATIONS = YES;
				CLANG_WARN_DIRECT_OBJC_ISA_USAGE = YES_ERROR;
				CLANG_WARN_DOCUMENTATION_COMMENTS = YES;
				CLANG_WARN_EMPTY_BODY = YES;
				CLANG_WARN_ENUM_CONVERSION = YES;
				CLANG_WARN_INFINITE_RECURSION = YES;
				CLANG_WARN_INT_CONVERSION = YES;
				CLANG_WARN_NON_LITERAL_NULL_CONVERSION = YES;
				CLANG_WARN_OBJC_IMPLICIT_RETAIN_SELF = YES;
				CLANG_WARN_OBJC_LITERAL_CONVERSION = YES;
				CLANG_WARN_OBJC_ROOT_CLASS = YES_ERROR;
				CLANG_WARN_QUOTED_INCLUDE_IN_FRAMEWORK_HEADER = YES;
				CLANG_WARN_RANGE_LOOP_ANALYSIS = YES;
				CLANG_WARN_STRICT_PROTOTYPES = YES;
				CLANG_WARN_SUSPICIOUS_MOVE = YES;
				CLANG_WARN_UNGUARDED_AVAILABILITY = YES_AGGRESSIVE;
				CLANG_WARN_UNREACHABLE_CODE = YES;
				CLANG_WARN__DUPLICATE_METHOD_MATCH = YES;
				COPY_PHASE_STRIP = NO;
				DEBUG_INFORMATION_FORMAT = "dwarf-with-dsym";
				ENABLE_NS_ASSERTIONS = NO;
				ENABLE_STRICT_OBJC_MSGSEND = YES;
				GCC_C_LANGUAGE_STANDARD = gnu11;
				GCC_NO_COMMON_BLOCKS = YES;
				GCC_WARN_64_TO_32_BIT_CONVERSION = YES;
				GCC_WARN_ABOUT_RETURN_TYPE = YES_ERROR;
				GCC_WARN_UNDECLARED_SELECTOR = YES;
				GCC_WARN_UNINITIALIZED_AUTOS = YES_AGGRESSIVE;
				GCC_WARN_UNUSED_FUNCTION = YES;
				GCC_WARN_UNUSED_VARIABLE = YES;
				IPHONEOS_DEPLOYMENT_TARGET = 16.2;
				MTL_ENABLE_DEBUG_INFO = NO;
				MTL_FAST_MATH = YES;
				SDKROOT = iphoneos;
				SWIFT_COMPILATION_MODE = wholemodule;
				SWIFT_OPTIMIZATION_LEVEL = "-O";
				VALIDATE_PRODUCT = YES;
			};
			name = Release;
		};
		1E1AF9D729BA1F50002F414A /* Debug */ = {
			isa = XCBuildConfiguration;
			buildSettings = {
				ASSETCATALOG_COMPILER_APPICON_NAME = AppIcon;
				ASSETCATALOG_COMPILER_GLOBAL_ACCENT_COLOR_NAME = AccentColor;
				CODE_SIGN_STYLE = Automatic;
				CURRENT_PROJECT_VERSION = 1;
				DEVELOPMENT_ASSET_PATHS = "\"QurbaTask/Preview Content\"";
				DEVELOPMENT_TEAM = YKAF3CHE8Y;
				ENABLE_PREVIEWS = YES;
				GENERATE_INFOPLIST_FILE = YES;
				INFOPLIST_FILE = QurbaTask/Info.plist;
				INFOPLIST_KEY_UIApplicationSceneManifest_Generation = YES;
				INFOPLIST_KEY_UIApplicationSupportsIndirectInputEvents = YES;
				INFOPLIST_KEY_UILaunchScreen_Generation = YES;
				INFOPLIST_KEY_UISupportedInterfaceOrientations_iPad = "UIInterfaceOrientationPortrait UIInterfaceOrientationPortraitUpsideDown UIInterfaceOrientationLandscapeLeft UIInterfaceOrientationLandscapeRight";
				INFOPLIST_KEY_UISupportedInterfaceOrientations_iPhone = "UIInterfaceOrientationPortrait UIInterfaceOrientationLandscapeLeft UIInterfaceOrientationLandscapeRight";
				LD_RUNPATH_SEARCH_PATHS = (
					"$(inherited)",
					"@executable_path/Frameworks",
				);
				MARKETING_VERSION = 1.0;
				PRODUCT_BUNDLE_IDENTIFIER = "MahmoudMostafa.QurbaTask-MMVM";
				PRODUCT_NAME = "$(TARGET_NAME)";
				SWIFT_EMIT_LOC_STRINGS = YES;
				SWIFT_VERSION = 5.0;
				TARGETED_DEVICE_FAMILY = "1,2";
			};
			name = Debug;
		};
		1E1AF9D829BA1F50002F414A /* Release */ = {
			isa = XCBuildConfiguration;
			buildSettings = {
				ASSETCATALOG_COMPILER_APPICON_NAME = AppIcon;
				ASSETCATALOG_COMPILER_GLOBAL_ACCENT_COLOR_NAME = AccentColor;
				CODE_SIGN_STYLE = Automatic;
				CURRENT_PROJECT_VERSION = 1;
				DEVELOPMENT_ASSET_PATHS = "\"QurbaTask/Preview Content\"";
				DEVELOPMENT_TEAM = YKAF3CHE8Y;
				ENABLE_PREVIEWS = YES;
				GENERATE_INFOPLIST_FILE = YES;
				INFOPLIST_FILE = QurbaTask/Info.plist;
				INFOPLIST_KEY_UIApplicationSceneManifest_Generation = YES;
				INFOPLIST_KEY_UIApplicationSupportsIndirectInputEvents = YES;
				INFOPLIST_KEY_UILaunchScreen_Generation = YES;
				INFOPLIST_KEY_UISupportedInterfaceOrientations_iPad = "UIInterfaceOrientationPortrait UIInterfaceOrientationPortraitUpsideDown UIInterfaceOrientationLandscapeLeft UIInterfaceOrientationLandscapeRight";
				INFOPLIST_KEY_UISupportedInterfaceOrientations_iPhone = "UIInterfaceOrientationPortrait UIInterfaceOrientationLandscapeLeft UIInterfaceOrientationLandscapeRight";
				LD_RUNPATH_SEARCH_PATHS = (
					"$(inherited)",
					"@executable_path/Frameworks",
				);
				MARKETING_VERSION = 1.0;
				PRODUCT_BUNDLE_IDENTIFIER = "MahmoudMostafa.QurbaTask-MMVM";
				PRODUCT_NAME = "$(TARGET_NAME)";
				SWIFT_EMIT_LOC_STRINGS = YES;
				SWIFT_VERSION = 5.0;
				TARGETED_DEVICE_FAMILY = "1,2";
			};
			name = Release;
		};
/* End XCBuildConfiguration section */

/* Begin XCConfigurationList section */
		1E1AF9C329BA1F4F002F414A /* Build configuration list for PBXProject "QurbaTask" */ = {
			isa = XCConfigurationList;
			buildConfigurations = (
				1E1AF9D429BA1F50002F414A /* Debug */,
				1E1AF9D529BA1F50002F414A /* Release */,
			);
			defaultConfigurationIsVisible = 0;
			defaultConfigurationName = Release;
		};
		1E1AF9D629BA1F50002F414A /* Build configuration list for PBXNativeTarget "QurbaTask" */ = {
			isa = XCConfigurationList;
			buildConfigurations = (
				1E1AF9D729BA1F50002F414A /* Debug */,
				1E1AF9D829BA1F50002F414A /* Release */,
			);
			defaultConfigurationIsVisible = 0;
			defaultConfigurationName = Release;
		};
/* End XCConfigurationList section */
	};
	rootObject = 1E1AF9C029BA1F4F002F414A /* Project object */;
}
